
Microsoft Visual Studio Solution File, Format Version 12.00
# Visual Studio Version 17
VisualStudioVersion = 17.9.34728.123
MinimumVisualStudioVersion = 10.0.40219.1
Project("{9A19103F-16F7-4668-BE54-9A1E7A4F7556}") = "Candlify.Api", "Candlify.Api\Candlify.Api.csproj", "{412A4D5D-681C-44D4-B42B-6C06F252D020}"
EndProject
Project("{9A19103F-16F7-4668-BE54-9A1E7A4F7556}") = "Candlify.Domain", "Candlify.Domain\Candlify.Domain.csproj", "{C13FB843-0A85-4D57-BC6F-E74B192A88B0}"
EndProject
Project("{2150E333-8FDC-42A3-9474-1A3956D46DE8}") = "src", "src", "{C6FEA818-DAB1-4D9D-82D8-26438AF624FD}"
EndProject
Project("{2150E333-8FDC-42A3-9474-1A3956D46DE8}") = "test", "test", "{328410A8-8C0A-4E48-8209-EBD7A03150D4}"
EndProject
Project("{2150E333-8FDC-42A3-9474-1A3956D46DE8}") = "API", "API", "{44A43350-1645-4C3E-BCD0-C31356192E00}"
EndProject
Project("{2150E333-8FDC-42A3-9474-1A3956D46DE8}") = "Core", "Core", "{AC5406E7-667C-4DAE-90C9-EBC8072A00A3}"
EndProject
Project("{2150E333-8FDC-42A3-9474-1A3956D46DE8}") = "Infrastructure", "Infrastructure", "{E284614C-FE86-4EDD-A75C-86D5A850D5F4}"
EndProject
Project("{2150E333-8FDC-42A3-9474-1A3956D46DE8}") = "UI", "UI", "{B3F9F70D-0757-4807-BAB0-D647FDF7A976}"
EndProject
Project("{9A19103F-16F7-4668-BE54-9A1E7A4F7556}") = "Candlify.Application", "Candlify.Application\Candlify.Application.csproj", "{AE9D6FB7-691A-4CBC-A4F5-9DF71806ACCE}"
	ProjectSection(ProjectDependencies) = postProject
		{C13FB843-0A85-4D57-BC6F-E74B192A88B0} = {C13FB843-0A85-4D57-BC6F-E74B192A88B0}
	EndProjectSection
EndProject
Project("{FAE04EC0-301F-11D3-BF4B-00C04F79EFBC}") = "Candlify.Persistence", "Persistence\Candlify.Persistence.csproj", "{8DAD98BC-8C46-4AF1-9233-0A7D61FF60F9}"
EndProject
Project("{FAE04EC0-301F-11D3-BF4B-00C04F79EFBC}") = "Candlify.Infrastructure", "Candlify.Infrastructure\Candlify.Infrastructure.csproj", "{368E9DFD-3135-4E00-B030-95C470403B4D}"
EndProject
Global
	GlobalSection(SolutionConfigurationPlatforms) = preSolution
		Debug|Any CPU = Debug|Any CPU
		Release|Any CPU = Release|Any CPU
	EndGlobalSection
	GlobalSection(ProjectConfigurationPlatforms) = postSolution
		{412A4D5D-681C-44D4-B42B-6C06F252D020}.Debug|Any CPU.ActiveCfg = Debug|Any CPU
		{412A4D5D-681C-44D4-B42B-6C06F252D020}.Debug|Any CPU.Build.0 = Debug|Any CPU
		{412A4D5D-681C-44D4-B42B-6C06F252D020}.Release|Any CPU.ActiveCfg = Release|Any CPU
		{412A4D5D-681C-44D4-B42B-6C06F252D020}.Release|Any CPU.Build.0 = Release|Any CPU
		{C13FB843-0A85-4D57-BC6F-E74B192A88B0}.Debug|Any CPU.ActiveCfg = Debug|Any CPU
		{C13FB843-0A85-4D57-BC6F-E74B192A88B0}.Debug|Any CPU.Build.0 = Debug|Any CPU
		{C13FB843-0A85-4D57-BC6F-E74B192A88B0}.Release|Any CPU.ActiveCfg = Release|Any CPU
		{C13FB843-0A85-4D57-BC6F-E74B192A88B0}.Release|Any CPU.Build.0 = Release|Any CPU
		{AE9D6FB7-691A-4CBC-A4F5-9DF71806ACCE}.Debug|Any CPU.ActiveCfg = Debug|Any CPU
		{AE9D6FB7-691A-4CBC-A4F5-9DF71806ACCE}.Debug|Any CPU.Build.0 = Debug|Any CPU
		{AE9D6FB7-691A-4CBC-A4F5-9DF71806ACCE}.Release|Any CPU.ActiveCfg = Release|Any CPU
		{AE9D6FB7-691A-4CBC-A4F5-9DF71806ACCE}.Release|Any CPU.Build.0 = Release|Any CPU
		{8DAD98BC-8C46-4AF1-9233-0A7D61FF60F9}.Debug|Any CPU.ActiveCfg = Debug|Any CPU
		{8DAD98BC-8C46-4AF1-9233-0A7D61FF60F9}.Debug|Any CPU.Build.0 = Debug|Any CPU
		{8DAD98BC-8C46-4AF1-9233-0A7D61FF60F9}.Release|Any CPU.ActiveCfg = Release|Any CPU
		{8DAD98BC-8C46-4AF1-9233-0A7D61FF60F9}.Release|Any CPU.Build.0 = Release|Any CPU
		{368E9DFD-3135-4E00-B030-95C470403B4D}.Debug|Any CPU.ActiveCfg = Debug|Any CPU
		{368E9DFD-3135-4E00-B030-95C470403B4D}.Debug|Any CPU.Build.0 = Debug|Any CPU
		{368E9DFD-3135-4E00-B030-95C470403B4D}.Release|Any CPU.ActiveCfg = Release|Any CPU
		{368E9DFD-3135-4E00-B030-95C470403B4D}.Release|Any CPU.Build.0 = Release|Any CPU
	EndGlobalSection
	GlobalSection(SolutionProperties) = preSolution
		HideSolutionNode = FALSE
	EndGlobalSection
	GlobalSection(NestedProjects) = preSolution
		{412A4D5D-681C-44D4-B42B-6C06F252D020} = {44A43350-1645-4C3E-BCD0-C31356192E00}
		{C13FB843-0A85-4D57-BC6F-E74B192A88B0} = {AC5406E7-667C-4DAE-90C9-EBC8072A00A3}
		{44A43350-1645-4C3E-BCD0-C31356192E00} = {C6FEA818-DAB1-4D9D-82D8-26438AF624FD}
		{AC5406E7-667C-4DAE-90C9-EBC8072A00A3} = {C6FEA818-DAB1-4D9D-82D8-26438AF624FD}
		{E284614C-FE86-4EDD-A75C-86D5A850D5F4} = {C6FEA818-DAB1-4D9D-82D8-26438AF624FD}
		{B3F9F70D-0757-4807-BAB0-D647FDF7A976} = {C6FEA818-DAB1-4D9D-82D8-26438AF624FD}
		{AE9D6FB7-691A-4CBC-A4F5-9DF71806ACCE} = {AC5406E7-667C-4DAE-90C9-EBC8072A00A3}
		{8DAD98BC-8C46-4AF1-9233-0A7D61FF60F9} = {E284614C-FE86-4EDD-A75C-86D5A850D5F4}
		{368E9DFD-3135-4E00-B030-95C470403B4D} = {E284614C-FE86-4EDD-A75C-86D5A850D5F4}
	EndGlobalSection
	GlobalSection(ExtensibilityGlobals) = postSolution
		SolutionGuid = {6C570C84-8834-48F4-B058-6DD98CD4B20D}
	EndGlobalSection
EndGlobal
